
Microsoft Visual Studio Solution File, Format Version 12.00
# Visual Studio Version 17
VisualStudioVersion = 17.0.31903.59
MinimumVisualStudioVersion = 10.0.40219.1
Project("{FAE04EC0-301F-11D3-BF4B-00C04F79EFBC}") = "FoTestApi", "FoTestApi\FoTestApi.csproj", "{418F42E9-3BE8-4054-A625-BA199D31E524}"
EndProject
Project("{FAE04EC0-301F-11D3-BF4B-00C04F79EFBC}") = "FoTestApi.Domain", "FoTestApi.Domain\FoTestApi.Domain.csproj", "{08B5875F-3B17-4F4E-B82F-F945ECE71B7D}"
EndProject
Project("{FAE04EC0-301F-11D3-BF4B-00C04F79EFBC}") = "FoTestApi.Infrastructure", "FoTestApi.Infrastructure\FoTestApi.Infrastructure.csproj", "{B2439776-3D5D-423D-A9E5-C448BC5BB739}"
EndProject
Global
	GlobalSection(SolutionConfigurationPlatforms) = preSolution
		Debug|Any CPU = Debug|Any CPU
		Release|Any CPU = Release|Any CPU
	EndGlobalSection
	GlobalSection(SolutionProperties) = preSolution
		HideSolutionNode = FALSE
	EndGlobalSection
	GlobalSection(ProjectConfigurationPlatforms) = postSolution
		{418F42E9-3BE8-4054-A625-BA199D31E524}.Debug|Any CPU.ActiveCfg = Debug|Any CPU
		{418F42E9-3BE8-4054-A625-BA199D31E524}.Debug|Any CPU.Build.0 = Debug|Any CPU
		{418F42E9-3BE8-4054-A625-BA199D31E524}.Release|Any CPU.ActiveCfg = Release|Any CPU
		{418F42E9-3BE8-4054-A625-BA199D31E524}.Release|Any CPU.Build.0 = Release|Any CPU
		{08B5875F-3B17-4F4E-B82F-F945ECE71B7D}.Debug|Any CPU.ActiveCfg = Debug|Any CPU
		{08B5875F-3B17-4F4E-B82F-F945ECE71B7D}.Debug|Any CPU.Build.0 = Debug|Any CPU
		{08B5875F-3B17-4F4E-B82F-F945ECE71B7D}.Release|Any CPU.ActiveCfg = Release|Any CPU
		{08B5875F-3B17-4F4E-B82F-F945ECE71B7D}.Release|Any CPU.Build.0 = Release|Any CPU
		{B2439776-3D5D-423D-A9E5-C448BC5BB739}.Debug|Any CPU.ActiveCfg = Debug|Any CPU
		{B2439776-3D5D-423D-A9E5-C448BC5BB739}.Debug|Any CPU.Build.0 = Debug|Any CPU
		{B2439776-3D5D-423D-A9E5-C448BC5BB739}.Release|Any CPU.ActiveCfg = Release|Any CPU
		{B2439776-3D5D-423D-A9E5-C448BC5BB739}.Release|Any CPU.Build.0 = Release|Any CPU
	EndGlobalSection
EndGlobal
